
Microsoft Visual Studio Solution File, Format Version 12.00
# Visual Studio 15
VisualStudioVersion = 15.0.28307.705
MinimumVisualStudioVersion = 10.0.40219.1
Project("{FAE04EC0-301F-11D3-BF4B-00C04F79EFBC}") = "TravelExperts", "TravelExperts\TravelExperts.csproj", "{0049B2F7-C7D4-4F7E-BD60-FFE600CF2936}"
EndProject
Project("{FAE04EC0-301F-11D3-BF4B-00C04F79EFBC}") = "TravelExpertsClass", "TravelExpertsClass\TravelExpertsClass.csproj", "{1373C9A7-9B6E-4864-A32D-1E13109CE070}"
EndProject
Global
	GlobalSection(SolutionConfigurationPlatforms) = preSolution
		Debug|Any CPU = Debug|Any CPU
		Release|Any CPU = Release|Any CPU
	EndGlobalSection
	GlobalSection(ProjectConfigurationPlatforms) = postSolution
		{0049B2F7-C7D4-4F7E-BD60-FFE600CF2936}.Debug|Any CPU.ActiveCfg = Debug|Any CPU
		{0049B2F7-C7D4-4F7E-BD60-FFE600CF2936}.Debug|Any CPU.Build.0 = Debug|Any CPU
		{0049B2F7-C7D4-4F7E-BD60-FFE600CF2936}.Release|Any CPU.ActiveCfg = Release|Any CPU
		{0049B2F7-C7D4-4F7E-BD60-FFE600CF2936}.Release|Any CPU.Build.0 = Release|Any CPU
		{1373C9A7-9B6E-4864-A32D-1E13109CE070}.Debug|Any CPU.ActiveCfg = Debug|Any CPU
		{1373C9A7-9B6E-4864-A32D-1E13109CE070}.Debug|Any CPU.Build.0 = Debug|Any CPU
		{1373C9A7-9B6E-4864-A32D-1E13109CE070}.Release|Any CPU.ActiveCfg = Release|Any CPU
		{1373C9A7-9B6E-4864-A32D-1E13109CE070}.Release|Any CPU.Build.0 = Release|Any CPU
	EndGlobalSection
	GlobalSection(SolutionProperties) = preSolution
		HideSolutionNode = FALSE
	EndGlobalSection
	GlobalSection(ExtensibilityGlobals) = postSolution
		SolutionGuid = {ED47DF33-FABB-4032-98D7-C0CD65573585}
	EndGlobalSection
EndGlobal
